// !$*UTF8*$!
{
	archiveVersion = 1;
	classes = {
	};
	objectVersion = 46;
	objects = {

/* Begin PBXBuildFile section */
		47AF35511628C4CB0008DE36 /* CoreText.framework in Frameworks */ = {isa = PBXBuildFile; fileRef = 47AF35501628C4CB0008DE36 /* CoreText.framework */; };
		47D8EA92162219AE00EEFBA4 /* UIKit.framework in Frameworks */ = {isa = PBXBuildFile; fileRef = 47D8EA91162219AE00EEFBA4 /* UIKit.framework */; };
		47D8EA94162219AE00EEFBA4 /* Foundation.framework in Frameworks */ = {isa = PBXBuildFile; fileRef = 47D8EA93162219AE00EEFBA4 /* Foundation.framework */; };
		47D8EA96162219AE00EEFBA4 /* CoreGraphics.framework in Frameworks */ = {isa = PBXBuildFile; fileRef = 47D8EA95162219AE00EEFBA4 /* CoreGraphics.framework */; };
		47D8EA9C162219AE00EEFBA4 /* InfoPlist.strings in Resources */ = {isa = PBXBuildFile; fileRef = 47D8EA9A162219AE00EEFBA4 /* InfoPlist.strings */; };
		47D8EA9E162219AE00EEFBA4 /* main.m in Sources */ = {isa = PBXBuildFile; fileRef = 47D8EA9D162219AE00EEFBA4 /* main.m */; };
		47D8EAA2162219AE00EEFBA4 /* AppDelegate.m in Sources */ = {isa = PBXBuildFile; fileRef = 47D8EAA1162219AE00EEFBA4 /* AppDelegate.m */; };
		47D8EAA5162219AE00EEFBA4 /* ViewController.m in Sources */ = {isa = PBXBuildFile; fileRef = 47D8EAA4162219AE00EEFBA4 /* ViewController.m */; };
		47D8EAA8162219AE00EEFBA4 /* ViewController.xib in Resources */ = {isa = PBXBuildFile; fileRef = 47D8EAA6162219AE00EEFBA4 /* ViewController.xib */; };
		47D8EAB216221B1000EEFBA4 /* QuartzCore.framework in Frameworks */ = {isa = PBXBuildFile; fileRef = 47D8EAB116221B1000EEFBA4 /* QuartzCore.framework */; };
		47D8EABA1622205A00EEFBA4 /* PercentageChart.m in Sources */ = {isa = PBXBuildFile; fileRef = 47D8EAB91622205A00EEFBA4 /* PercentageChart.m */; };
		47D8EABD162220D800EEFBA4 /* PercentageChartLayer.m in Sources */ = {isa = PBXBuildFile; fileRef = 47D8EABC162220D800EEFBA4 /* PercentageChartLayer.m */; };
/* End PBXBuildFile section */

/* Begin PBXFileReference section */
		47AF35501628C4CB0008DE36 /* CoreText.framework */ = {isa = PBXFileReference; lastKnownFileType = wrapper.framework; name = CoreText.framework; path = System/Library/Frameworks/CoreText.framework; sourceTree = SDKROOT; };
		47D8EA8D162219AE00EEFBA4 /* PercentageChart.app */ = {isa = PBXFileReference; explicitFileType = wrapper.application; includeInIndex = 0; path = PercentageChart.app; sourceTree = BUILT_PRODUCTS_DIR; };
		47D8EA91162219AE00EEFBA4 /* UIKit.framework */ = {isa = PBXFileReference; lastKnownFileType = wrapper.framework; name = UIKit.framework; path = System/Library/Frameworks/UIKit.framework; sourceTree = SDKROOT; };
		47D8EA93162219AE00EEFBA4 /* Foundation.framework */ = {isa = PBXFileReference; lastKnownFileType = wrapper.framework; name = Foundation.framework; path = System/Library/Frameworks/Foundation.framework; sourceTree = SDKROOT; };
		47D8EA95162219AE00EEFBA4 /* CoreGraphics.framework */ = {isa = PBXFileReference; lastKnownFileType = wrapper.framework; name = CoreGraphics.framework; path = System/Library/Frameworks/CoreGraphics.framework; sourceTree = SDKROOT; };
		47D8EA99162219AE00EEFBA4 /* PercentageChart-Info.plist */ = {isa = PBXFileReference; lastKnownFileType = text.plist.xml; path = "PercentageChart-Info.plist"; sourceTree = "<group>"; };
		47D8EA9B162219AE00EEFBA4 /* en */ = {isa = PBXFileReference; lastKnownFileType = text.plist.strings; name = en; path = en.lproj/InfoPlist.strings; sourceTree = "<group>"; };
		47D8EA9D162219AE00EEFBA4 /* main.m */ = {isa = PBXFileReference; lastKnownFileType = sourcecode.c.objc; path = main.m; sourceTree = "<group>"; };
		47D8EA9F162219AE00EEFBA4 /* PercentageChart-Prefix.pch */ = {isa = PBXFileReference; lastKnownFileType = sourcecode.c.h; path = "PercentageChart-Prefix.pch"; sourceTree = "<group>"; };
		47D8EAA0162219AE00EEFBA4 /* AppDelegate.h */ = {isa = PBXFileReference; lastKnownFileType = sourcecode.c.h; path = AppDelegate.h; sourceTree = "<group>"; };
		47D8EAA1162219AE00EEFBA4 /* AppDelegate.m */ = {isa = PBXFileReference; lastKnownFileType = sourcecode.c.objc; path = AppDelegate.m; sourceTree = "<group>"; };
		47D8EAA3162219AE00EEFBA4 /* ViewController.h */ = {isa = PBXFileReference; lastKnownFileType = sourcecode.c.h; path = ViewController.h; sourceTree = "<group>"; };
		47D8EAA4162219AE00EEFBA4 /* ViewController.m */ = {isa = PBXFileReference; lastKnownFileType = sourcecode.c.objc; path = ViewController.m; sourceTree = "<group>"; };
		47D8EAA7162219AE00EEFBA4 /* en */ = {isa = PBXFileReference; lastKnownFileType = file.xib; name = en; path = en.lproj/ViewController.xib; sourceTree = "<group>"; };
		47D8EAB116221B1000EEFBA4 /* QuartzCore.framework */ = {isa = PBXFileReference; lastKnownFileType = wrapper.framework; name = QuartzCore.framework; path = System/Library/Frameworks/QuartzCore.framework; sourceTree = SDKROOT; };
		47D8EAB81622205A00EEFBA4 /* PercentageChart.h */ = {isa = PBXFileReference; fileEncoding = 4; lastKnownFileType = sourcecode.c.h; path = PercentageChart.h; sourceTree = "<group>"; };
		47D8EAB91622205A00EEFBA4 /* PercentageChart.m */ = {isa = PBXFileReference; fileEncoding = 4; lastKnownFileType = sourcecode.c.objc; path = PercentageChart.m; sourceTree = "<group>"; };
		47D8EABB162220D800EEFBA4 /* PercentageChartLayer.h */ = {isa = PBXFileReference; fileEncoding = 4; lastKnownFileType = sourcecode.c.h; path = PercentageChartLayer.h; sourceTree = "<group>"; };
		47D8EABC162220D800EEFBA4 /* PercentageChartLayer.m */ = {isa = PBXFileReference; fileEncoding = 4; lastKnownFileType = sourcecode.c.objc; path = PercentageChartLayer.m; sourceTree = "<group>"; };
/* End PBXFileReference section */

/* Begin PBXFrameworksBuildPhase section */
		47D8EA8A162219AE00EEFBA4 /* Frameworks */ = {
			isa = PBXFrameworksBuildPhase;
			buildActionMask = 2147483647;
			files = (
				47AF35511628C4CB0008DE36 /* CoreText.framework in Frameworks */,
				47D8EAB216221B1000EEFBA4 /* QuartzCore.framework in Frameworks */,
				47D8EA92162219AE00EEFBA4 /* UIKit.framework in Frameworks */,
				47D8EA94162219AE00EEFBA4 /* Foundation.framework in Frameworks */,
				47D8EA96162219AE00EEFBA4 /* CoreGraphics.framework in Frameworks */,
			);
			runOnlyForDeploymentPostprocessing = 0;
		};
/* End PBXFrameworksBuildPhase section */

/* Begin PBXGroup section */
		47D8EA82162219AE00EEFBA4 = {
			isa = PBXGroup;
			children = (
				47AF35501628C4CB0008DE36 /* CoreText.framework */,
				47D8EAB116221B1000EEFBA4 /* QuartzCore.framework */,
				47D8EA97162219AE00EEFBA4 /* PercentageChart */,
				47D8EA90162219AE00EEFBA4 /* Frameworks */,
				47D8EA8E162219AE00EEFBA4 /* Products */,
			);
			sourceTree = "<group>";
		};
		47D8EA8E162219AE00EEFBA4 /* Products */ = {
			isa = PBXGroup;
			children = (
				47D8EA8D162219AE00EEFBA4 /* PercentageChart.app */,
			);
			name = Products;
			sourceTree = "<group>";
		};
		47D8EA90162219AE00EEFBA4 /* Frameworks */ = {
			isa = PBXGroup;
			children = (
				47D8EA91162219AE00EEFBA4 /* UIKit.framework */,
				47D8EA93162219AE00EEFBA4 /* Foundation.framework */,
				47D8EA95162219AE00EEFBA4 /* CoreGraphics.framework */,
			);
			name = Frameworks;
			sourceTree = "<group>";
		};
		47D8EA97162219AE00EEFBA4 /* PercentageChart */ = {
			isa = PBXGroup;
			children = (
				47D8EAA0162219AE00EEFBA4 /* AppDelegate.h */,
				47D8EAA1162219AE00EEFBA4 /* AppDelegate.m */,
				47D8EAA3162219AE00EEFBA4 /* ViewController.h */,
				47D8EAA4162219AE00EEFBA4 /* ViewController.m */,
				47D8EAA6162219AE00EEFBA4 /* ViewController.xib */,
				47D8EA98162219AE00EEFBA4 /* Supporting Files */,
				47D8EAB81622205A00EEFBA4 /* PercentageChart.h */,
				47D8EAB91622205A00EEFBA4 /* PercentageChart.m */,
				47D8EABB162220D800EEFBA4 /* PercentageChartLayer.h */,
				47D8EABC162220D800EEFBA4 /* PercentageChartLayer.m */,
			);
			path = PercentageChart;
			sourceTree = "<group>";
		};
		47D8EA98162219AE00EEFBA4 /* Supporting Files */ = {
			isa = PBXGroup;
			children = (
				47D8EA99162219AE00EEFBA4 /* PercentageChart-Info.plist */,
				47D8EA9A162219AE00EEFBA4 /* InfoPlist.strings */,
				47D8EA9D162219AE00EEFBA4 /* main.m */,
				47D8EA9F162219AE00EEFBA4 /* PercentageChart-Prefix.pch */,
			);
			name = "Supporting Files";
			sourceTree = "<group>";
		};
/* End PBXGroup section */

/* Begin PBXNativeTarget section */
		47D8EA8C162219AE00EEFBA4 /* PercentageChart */ = {
			isa = PBXNativeTarget;
			buildConfigurationList = 47D8EAAB162219AE00EEFBA4 /* Build configuration list for PBXNativeTarget "PercentageChart" */;
			buildPhases = (
				47D8EA89162219AE00EEFBA4 /* Sources */,
				47D8EA8A162219AE00EEFBA4 /* Frameworks */,
				47D8EA8B162219AE00EEFBA4 /* Resources */,
			);
			buildRules = (
			);
			dependencies = (
			);
			name = PercentageChart;
			productName = PercentageChart;
			productReference = 47D8EA8D162219AE00EEFBA4 /* PercentageChart.app */;
			productType = "com.apple.product-type.application";
		};
/* End PBXNativeTarget section */

/* Begin PBXProject section */
		47D8EA84162219AE00EEFBA4 /* Project object */ = {
			isa = PBXProject;
			attributes = {
				LastUpgradeCheck = 0430;
			};
			buildConfigurationList = 47D8EA87162219AE00EEFBA4 /* Build configuration list for PBXProject "PercentageChart" */;
			compatibilityVersion = "Xcode 3.2";
			developmentRegion = English;
			hasScannedForEncodings = 0;
			knownRegions = (
				en,
			);
			mainGroup = 47D8EA82162219AE00EEFBA4;
			productRefGroup = 47D8EA8E162219AE00EEFBA4 /* Products */;
			projectDirPath = "";
			projectRoot = "";
			targets = (
				47D8EA8C162219AE00EEFBA4 /* PercentageChart */,
			);
		};
/* End PBXProject section */

/* Begin PBXResourcesBuildPhase section */
		47D8EA8B162219AE00EEFBA4 /* Resources */ = {
			isa = PBXResourcesBuildPhase;
			buildActionMask = 2147483647;
			files = (
				47D8EA9C162219AE00EEFBA4 /* InfoPlist.strings in Resources */,
				47D8EAA8162219AE00EEFBA4 /* ViewController.xib in Resources */,
			);
			runOnlyForDeploymentPostprocessing = 0;
		};
/* End PBXResourcesBuildPhase section */

/* Begin PBXSourcesBuildPhase section */
		47D8EA89162219AE00EEFBA4 /* Sources */ = {
			isa = PBXSourcesBuildPhase;
			buildActionMask = 2147483647;
			files = (
				47D8EA9E162219AE00EEFBA4 /* main.m in Sources */,
				47D8EAA2162219AE00EEFBA4 /* AppDelegate.m in Sources */,
				47D8EAA5162219AE00EEFBA4 /* ViewController.m in Sources */,
				47D8EABA1622205A00EEFBA4 /* PercentageChart.m in Sources */,
				47D8EABD162220D800EEFBA4 /* PercentageChartLayer.m in Sources */,
			);
			runOnlyForDeploymentPostprocessing = 0;
		};
/* End PBXSourcesBuildPhase section */

/* Begin PBXVariantGroup section */
		47D8EA9A162219AE00EEFBA4 /* InfoPlist.strings */ = {
			isa = PBXVariantGroup;
			children = (
				47D8EA9B162219AE00EEFBA4 /* en */,
			);
			name = InfoPlist.strings;
			sourceTree = "<group>";
		};
		47D8EAA6162219AE00EEFBA4 /* ViewController.xib */ = {
			isa = PBXVariantGroup;
			children = (
				47D8EAA7162219AE00EEFBA4 /* en */,
			);
			name = ViewController.xib;
			sourceTree = "<group>";
		};
/* End PBXVariantGroup section */

/* Begin XCBuildConfiguration section */
		47D8EAA9162219AE00EEFBA4 /* Debug */ = {
			isa = XCBuildConfiguration;
			buildSettings = {
				ALWAYS_SEARCH_USER_PATHS = NO;
				ARCHS = "$(ARCHS_STANDARD_32_BIT)";
				CLANG_ENABLE_OBJC_ARC = YES;
				"CODE_SIGN_IDENTITY[sdk=iphoneos*]" = "iPhone Developer";
				COPY_PHASE_STRIP = NO;
				GCC_C_LANGUAGE_STANDARD = gnu99;
				GCC_DYNAMIC_NO_PIC = NO;
				GCC_OPTIMIZATION_LEVEL = 0;
				GCC_PREPROCESSOR_DEFINITIONS = (
					"DEBUG=1",
					"$(inherited)",
				);
				GCC_SYMBOLS_PRIVATE_EXTERN = NO;
				GCC_VERSION = com.apple.compilers.llvm.clang.1_0;
				GCC_WARN_ABOUT_RETURN_TYPE = YES;
				GCC_WARN_UNINITIALIZED_AUTOS = YES;
				GCC_WARN_UNUSED_VARIABLE = YES;
				IPHONEOS_DEPLOYMENT_TARGET = 5.1;
				SDKROOT = iphoneos;
			};
			name = Debug;
		};
		47D8EAAA162219AE00EEFBA4 /* Release */ = {
			isa = XCBuildConfiguration;
			buildSettings = {
				ALWAYS_SEARCH_USER_PATHS = NO;
				ARCHS = "$(ARCHS_STANDARD_32_BIT)";
				CLANG_ENABLE_OBJC_ARC = YES;
				"CODE_SIGN_IDENTITY[sdk=iphoneos*]" = "iPhone Developer";
				COPY_PHASE_STRIP = YES;
				GCC_C_LANGUAGE_STANDARD = gnu99;
				GCC_VERSION = com.apple.compilers.llvm.clang.1_0;
				GCC_WARN_ABOUT_RETURN_TYPE = YES;
				GCC_WARN_UNINITIALIZED_AUTOS = YES;
				GCC_WARN_UNUSED_VARIABLE = YES;
				IPHONEOS_DEPLOYMENT_TARGET = 5.1;
				OTHER_CFLAGS = "-DNS_BLOCK_ASSERTIONS=1";
				SDKROOT = iphoneos;
				VALIDATE_PRODUCT = YES;
			};
			name = Release;
		};
		47D8EAAC162219AE00EEFBA4 /* Debug */ = {
			isa = XCBuildConfiguration;
			buildSettings = {
				GCC_PRECOMPILE_PREFIX_HEADER = YES;
				GCC_PREFIX_HEADER = "PercentageChart/PercentageChart-Prefix.pch";
				INFOPLIST_FILE = "PercentageChart/PercentageChart-Info.plist";
				PRODUCT_NAME = "$(TARGET_NAME)";
				WRAPPER_EXTENSION = app;
			};
			name = Debug;
		};
		47D8EAAD162219AE00EEFBA4 /* Release */ = {
			isa = XCBuildConfiguration;
			buildSettings = {
				GCC_PRECOMPILE_PREFIX_HEADER = YES;
				GCC_PREFIX_HEADER = "PercentageChart/PercentageChart-Prefix.pch";
				INFOPLIST_FILE = "PercentageChart/PercentageChart-Info.plist";
				PRODUCT_NAME = "$(TARGET_NAME)";
				WRAPPER_EXTENSION = app;
			};
			name = Release;
		};
/* End XCBuildConfiguration section */

/* Begin XCConfigurationList section */
		47D8EA87162219AE00EEFBA4 /* Build configuration list for PBXProject "PercentageChart" */ = {
			isa = XCConfigurationList;
			buildConfigurations = (
				47D8EAA9162219AE00EEFBA4 /* Debug */,
				47D8EAAA162219AE00EEFBA4 /* Release */,
			);
			defaultConfigurationIsVisible = 0;
			defaultConfigurationName = Release;
		};
		47D8EAAB162219AE00EEFBA4 /* Build configuration list for PBXNativeTarget "PercentageChart" */ = {
			isa = XCConfigurationList;
			buildConfigurations = (
				47D8EAAC162219AE00EEFBA4 /* Debug */,
				47D8EAAD162219AE00EEFBA4 /* Release */,
			);
			defaultConfigurationIsVisible = 0;
			defaultConfigurationName = Release;
		};
/* End XCConfigurationList section */
	};
	rootObject = 47D8EA84162219AE00EEFBA4 /* Project object */;
}
